Microsoft Visual Studio Solution File, Format Version 12.00
# Visual Studio Version 16
VisualStudioVersion = 16.0.28803.452
MinimumVisualStudioVersion = 10.0.40219.1
Project("{8BC9CEB8-8B4A-11D0-8D11-00A0C91BC942}") = "libBGL_util", "libBGL_util\libBGL_util.vcxproj", "{B53A5535-EE9D-4C6F-9A26-F79EE3BC3754}"
EndProject
Project("{8BC9CEB8-8B4A-11D0-8D11-00A0C91BC942}") = "libBGL_crypto", "libBGL_crypto\libBGL_crypto.vcxproj", "{6190199C-6CF4-4DAD-BFBD-93FA72A760C1}"
EndProject
Project("{8BC9CEB8-8B4A-11D0-8D11-00A0C91BC942}") = "libunivalue", "libunivalue\libunivalue.vcxproj", "{5724BA7D-A09A-4BA8-800B-C4C1561B3D69}"
EndProject
Project("{8BC9CEB8-8B4A-11D0-8D11-00A0C91BC942}") = "libBGL_cli", "libBGL_cli\libBGL_cli.vcxproj", "{0667528C-D734-4009-ADF9-C0D6C4A5A5A6}"
EndProject
Project("{8BC9CEB8-8B4A-11D0-8D11-00A0C91BC942}") = "BGL-cli", "BGL-cli\BGL-cli.vcxproj", "{0B2D7431-F876-4A58-87BF-F748338CD3BF}"
EndProject
Global
	GlobalSection(SolutionConfigurationPlatforms) = preSolution
		Debug|x64 = Debug|x64
		Debug|x86 = Debug|x86
		Release|x64 = Release|x64
		Release|x86 = Release|x86
	EndGlobalSection
	GlobalSection(ProjectConfigurationPlatforms) = postSolution
		{B53A5535-EE9D-4C6F-9A26-F79EE3BC3754}.Debug|x64.ActiveCfg = Debug|x64
		{B53A5535-EE9D-4C6F-9A26-F79EE3BC3754}.Debug|x64.Build.0 = Debug|x64
		{B53A5535-EE9D-4C6F-9A26-F79EE3BC3754}.Debug|x86.ActiveCfg = Debug|Win32
		{B53A5535-EE9D-4C6F-9A26-F79EE3BC3754}.Debug|x86.Build.0 = Debug|Win32
		{B53A5535-EE9D-4C6F-9A26-F79EE3BC3754}.Release|x64.ActiveCfg = Release|x64
		{B53A5535-EE9D-4C6F-9A26-F79EE3BC3754}.Release|x64.Build.0 = Release|x64
		{B53A5535-EE9D-4C6F-9A26-F79EE3BC3754}.Release|x86.ActiveCfg = Release|Win32
		{B53A5535-EE9D-4C6F-9A26-F79EE3BC3754}.Release|x86.Build.0 = Release|Win32
		{6190199C-6CF4-4DAD-BFBD-93FA72A760C1}.Debug|x64.ActiveCfg = Debug|x64
		{6190199C-6CF4-4DAD-BFBD-93FA72A760C1}.Debug|x64.Build.0 = Debug|x64
		{6190199C-6CF4-4DAD-BFBD-93FA72A760C1}.Debug|x86.ActiveCfg = Debug|Win32
		{6190199C-6CF4-4DAD-BFBD-93FA72A760C1}.Debug|x86.Build.0 = Debug|Win32
		{6190199C-6CF4-4DAD-BFBD-93FA72A760C1}.Release|x64.ActiveCfg = Release|x64
		{6190199C-6CF4-4DAD-BFBD-93FA72A760C1}.Release|x64.Build.0 = Release|x64
		{6190199C-6CF4-4DAD-BFBD-93FA72A760C1}.Release|x86.ActiveCfg = Release|Win32
		{6190199C-6CF4-4DAD-BFBD-93FA72A760C1}.Release|x86.Build.0 = Release|Win32
		{5724BA7D-A09A-4BA8-800B-C4C1561B3D69}.Debug|x64.ActiveCfg = Debug|x64
		{5724BA7D-A09A-4BA8-800B-C4C1561B3D69}.Debug|x64.Build.0 = Debug|x64
		{5724BA7D-A09A-4BA8-800B-C4C1561B3D69}.Debug|x86.ActiveCfg = Debug|Win32
		{5724BA7D-A09A-4BA8-800B-C4C1561B3D69}.Debug|x86.Build.0 = Debug|Win32
		{5724BA7D-A09A-4BA8-800B-C4C1561B3D69}.Release|x64.ActiveCfg = Release|x64
		{5724BA7D-A09A-4BA8-800B-C4C1561B3D69}.Release|x64.Build.0 = Release|x64
		{5724BA7D-A09A-4BA8-800B-C4C1561B3D69}.Release|x86.ActiveCfg = Release|Win32
		{5724BA7D-A09A-4BA8-800B-C4C1561B3D69}.Release|x86.Build.0 = Release|Win32
		{0667528C-D734-4009-ADF9-C0D6C4A5A5A6}.Debug|x64.ActiveCfg = Debug|x64
		{0667528C-D734-4009-ADF9-C0D6C4A5A5A6}.Debug|x64.Build.0 = Debug|x64
		{0667528C-D734-4009-ADF9-C0D6C4A5A5A6}.Debug|x86.ActiveCfg = Debug|Win32
		{0667528C-D734-4009-ADF9-C0D6C4A5A5A6}.Debug|x86.Build.0 = Debug|Win32
		{0667528C-D734-4009-ADF9-C0D6C4A5A5A6}.Release|x64.ActiveCfg = Release|x64
		{0667528C-D734-4009-ADF9-C0D6C4A5A5A6}.Release|x64.Build.0 = Release|x64
		{0667528C-D734-4009-ADF9-C0D6C4A5A5A6}.Release|x86.ActiveCfg = Release|Win32
		{0667528C-D734-4009-ADF9-C0D6C4A5A5A6}.Release|x86.Build.0 = Release|Win32
		{0B2D7431-F876-4A58-87BF-F748338CD3BF}.Debug|x64.ActiveCfg = Debug|x64
		{0B2D7431-F876-4A58-87BF-F748338CD3BF}.Debug|x64.Build.0 = Debug|x64
		{0B2D7431-F876-4A58-87BF-F748338CD3BF}.Debug|x86.ActiveCfg = Debug|Win32
		{0B2D7431-F876-4A58-87BF-F748338CD3BF}.Debug|x86.Build.0 = Debug|Win32
		{0B2D7431-F876-4A58-87BF-F748338CD3BF}.Release|x64.ActiveCfg = Release|x64
		{0B2D7431-F876-4A58-87BF-F748338CD3BF}.Release|x64.Build.0 = Release|x64
		{0B2D7431-F876-4A58-87BF-F748338CD3BF}.Release|x86.ActiveCfg = Release|Win32
		{0B2D7431-F876-4A58-87BF-F748338CD3BF}.Release|x86.Build.0 = Release|Win32
	EndGlobalSection
	GlobalSection(SolutionProperties) = preSolution
		HideSolutionNode = FALSE
	EndGlobalSection
	GlobalSection(ExtensibilityGlobals) = postSolution
		SolutionGuid = {4F37E2A0-9F47-4D93-BA8F-728518A7905A}
		                        SolutionGuid = {8AA72EDA-2CD4-4564-B1E4-688B760EEEE9}
		                SolutionGuid = {8607C0F4-F33D-41B8-8D51-18E366A0F8DF}
		        SolutionGuid = {58AAB032-7274-49BD-845E-5EF4DBB69B70}
	EndGlobalSection
EndGlobal
